# THIS IS AN AUTOGENERATED FILE. DO NOT EDIT THIS FILE DIRECTLY.
# yarn lockfile v1


mmevents@^1.0.1:
  version "1.0.1"
  resolved "https://registry.yarnpkg.com/mmevents/-/mmevents-1.0.1.tgz#04579ea0f3f1eb021e080216195b44feb6aa73ca"
  integrity sha512-wYOAA3J8kI+qSN6Sr3hAhtpiFAvyvsWJPaoCHbuISiUm48zfKtMblnFoi/w8jrZaZmWXHIPJzF5zx/2fQumpBg==
